// !$*UTF8*$!
{
	archiveVersion = 1;
	classes = {
	};
	objectVersion = 50;
	objects = {

/* Begin PBXBuildFile section */
		9A370A8C20D915CF00ED30F6 /* AppDelegate.swift in Sources */ = {isa = PBXBuildFile; fileRef = 9A370A8B20D915CF00ED30F6 /* AppDelegate.swift */; };
		9A370A8E20D915CF00ED30F6 /* ViewController.swift in Sources */ = {isa = PBXBuildFile; fileRef = 9A370A8D20D915CF00ED30F6 /* ViewController.swift */; };
		9A370A9120D915CF00ED30F6 /* Main.storyboard in Resources */ = {isa = PBXBuildFile; fileRef = 9A370A8F20D915CF00ED30F6 /* Main.storyboard */; };
		9A370A9320D915D000ED30F6 /* Assets.xcassets in Resources */ = {isa = PBXBuildFile; fileRef = 9A370A9220D915D000ED30F6 /* Assets.xcassets */; };
		9A370A9620D915D000ED30F6 /* LaunchScreen.storyboard in Resources */ = {isa = PBXBuildFile; fileRef = 9A370A9420D915D000ED30F6 /* LaunchScreen.storyboard */; };
		9A370ADA20D9176800ED30F6 /* Validation.swift in Sources */ = {isa = PBXBuildFile; fileRef = 9A370AC620D9176700ED30F6 /* Validation.swift */; };
		9A370ADB20D9176800ED30F6 /* Response.swift in Sources */ = {isa = PBXBuildFile; fileRef = 9A370AC720D9176700ED30F6 /* Response.swift */; };
		9A370ADC20D9176800ED30F6 /* Info.plist in Resources */ = {isa = PBXBuildFile; fileRef = 9A370AC820D9176700ED30F6 /* Info.plist */; };
		9A370ADD20D9176800ED30F6 /* NetworkReachabilityManager.swift in Sources */ = {isa = PBXBuildFile; fileRef = 9A370AC920D9176700ED30F6 /* NetworkReachabilityManager.swift */; };
		9A370ADE20D9176800ED30F6 /* Alamofire.swift in Sources */ = {isa = PBXBuildFile; fileRef = 9A370ACA20D9176700ED30F6 /* Alamofire.swift */; };
		9A370ADF20D9176800ED30F6 /* DispatchQueue+Alamofire.swift in Sources */ = {isa = PBXBuildFile; fileRef = 9A370ACB20D9176700ED30F6 /* DispatchQueue+Alamofire.swift */; };
		9A370AE020D9176800ED30F6 /* ResponseSerialization.swift in Sources */ = {isa = PBXBuildFile; fileRef = 9A370ACD20D9176700ED30F6 /* ResponseSerialization.swift */; };
		9A370AE120D9176800ED30F6 /* SessionDelegate.swift in Sources */ = {isa = PBXBuildFile; fileRef = 9A370ACE20D9176700ED30F6 /* SessionDelegate.swift */; };
		9A370AE220D9176800ED30F6 /* Notifications.swift in Sources */ = {isa = PBXBuildFile; fileRef = 9A370ACF20D9176800ED30F6 /* Notifications.swift */; };
		9A370AE320D9176800ED30F6 /* Result.swift in Sources */ = {isa = PBXBuildFile; fileRef = 9A370AD020D9176800ED30F6 /* Result.swift */; };
		9A370AE420D9176800ED30F6 /* ServerTrustPolicy.swift in Sources */ = {isa = PBXBuildFile; fileRef = 9A370AD120D9176800ED30F6 /* ServerTrustPolicy.swift */; };
		9A370AE520D9176800ED30F6 /* Info-tvOS.plist in Resources */ = {isa = PBXBuildFile; fileRef = 9A370AD220D9176800ED30F6 /* Info-tvOS.plist */; };
		9A370AE620D9176800ED30F6 /* SessionManager.swift in Sources */ = {isa = PBXBuildFile; fileRef = 9A370AD320D9176800ED30F6 /* SessionManager.swift */; };
		9A370AE720D9176800ED30F6 /* TaskDelegate.swift in Sources */ = {isa = PBXBuildFile; fileRef = 9A370AD420D9176800ED30F6 /* TaskDelegate.swift */; };
		9A370AE820D9176800ED30F6 /* AFError.swift in Sources */ = {isa = PBXBuildFile; fileRef = 9A370AD520D9176800ED30F6 /* AFError.swift */; };
		9A370AE920D9176800ED30F6 /* MultipartFormData.swift in Sources */ = {isa = PBXBuildFile; fileRef = 9A370AD620D9176800ED30F6 /* MultipartFormData.swift */; };
		9A370AEA20D9176800ED30F6 /* ParameterEncoding.swift in Sources */ = {isa = PBXBuildFile; fileRef = 9A370AD720D9176800ED30F6 /* ParameterEncoding.swift */; };
		9A370AEB20D9176800ED30F6 /* Timeline.swift in Sources */ = {isa = PBXBuildFile; fileRef = 9A370AD820D9176800ED30F6 /* Timeline.swift */; };
		9A370AEC20D9176800ED30F6 /* Request.swift in Sources */ = {isa = PBXBuildFile; fileRef = 9A370AD920D9176800ED30F6 /* Request.swift */; };
/* End PBXBuildFile section */

/* Begin PBXFileReference section */
		9A370A8820D915CF00ED30F6 /* bankStoreMIni.app */ = {isa = PBXFileReference; explicitFileType = wrapper.application; includeInIndex = 0; path = bankStoreMIni.app; sourceTree = BUILT_PRODUCTS_DIR; };
		9A370A8B20D915CF00ED30F6 /* AppDelegate.swift */ = {isa = PBXFileReference; lastKnownFileType = sourcecode.swift; path = AppDelegate.swift; sourceTree = "<group>"; };
		9A370A8D20D915CF00ED30F6 /* ViewController.swift */ = {isa = PBXFileReference; lastKnownFileType = sourcecode.swift; path = ViewController.swift; sourceTree = "<group>"; };
		9A370A9020D915CF00ED30F6 /* Base */ = {isa = PBXFileReference; lastKnownFileType = file.storyboard; name = Base; path = Base.lproj/Main.storyboard; sourceTree = "<group>"; };
		9A370A9220D915D000ED30F6 /* Assets.xcassets */ = {isa = PBXFileReference; lastKnownFileType = folder.assetcatalog; path = Assets.xcassets; sourceTree = "<group>"; };
		9A370A9520D915D000ED30F6 /* Base */ = {isa = PBXFileReference; lastKnownFileType = file.storyboard; name = Base; path = Base.lproj/LaunchScreen.storyboard; sourceTree = "<group>"; };
		9A370A9720D915D000ED30F6 /* Info.plist */ = {isa = PBXFileReference; lastKnownFileType = text.plist.xml; path = Info.plist; sourceTree = "<group>"; };
		9A370AC620D9176700ED30F6 /* Validation.swift */ = {isa = PBXFileReference; fileEncoding = 4; lastKnownFileType = sourcecode.swift; path = Validation.swift; sourceTree = "<group>"; };
		9A370AC720D9176700ED30F6 /* Response.swift */ = {isa = PBXFileReference; fileEncoding = 4; lastKnownFileType = sourcecode.swift; path = Response.swift; sourceTree = "<group>"; };
		9A370AC820D9176700ED30F6 /* Info.plist */ = {isa = PBXFileReference; fileEncoding = 4; lastKnownFileType = text.plist.xml; path = Info.plist; sourceTree = "<group>"; };
		9A370AC920D9176700ED30F6 /* NetworkReachabilityManager.swift */ = {isa = PBXFileReference; fileEncoding = 4; lastKnownFileType = sourcecode.swift; path = NetworkReachabilityManager.swift; sourceTree = "<group>"; };
		9A370ACA20D9176700ED30F6 /* Alamofire.swift */ = {isa = PBXFileReference; fileEncoding = 4; lastKnownFileType = sourcecode.swift; path = Alamofire.swift; sourceTree = "<group>"; };
		9A370ACB20D9176700ED30F6 /* DispatchQueue+Alamofire.swift */ = {isa = PBXFileReference; fileEncoding = 4; lastKnownFileType = sourcecode.swift; path = "DispatchQueue+Alamofire.swift"; sourceTree = "<group>"; };
		9A370ACC20D9176700ED30F6 /* Alamofire.h */ = {isa = PBXFileReference; fileEncoding = 4; lastKnownFileType = sourcecode.c.h; path = Alamofire.h; sourceTree = "<group>"; };
		9A370ACD20D9176700ED30F6 /* ResponseSerialization.swift */ = {isa = PBXFileReference; fileEncoding = 4; lastKnownFileType = sourcecode.swift; path = ResponseSerialization.swift; sourceTree = "<group>"; };
		9A370ACE20D9176700ED30F6 /* SessionDelegate.swift */ = {isa = PBXFileReference; fileEncoding = 4; lastKnownFileType = sourcecode.swift; path = SessionDelegate.swift; sourceTree = "<group>"; };
		9A370ACF20D9176800ED30F6 /* Notifications.swift */ = {isa = PBXFileReference; fileEncoding = 4; lastKnownFileType = sourcecode.swift; path = Notifications.swift; sourceTree = "<group>"; };
		9A370AD020D9176800ED30F6 /* Result.swift */ = {isa = PBXFileReference; fileEncoding = 4; lastKnownFileType = sourcecode.swift; path = Result.swift; sourceTree = "<group>"; };
		9A370AD120D9176800ED30F6 /* ServerTrustPolicy.swift */ = {isa = PBXFileReference; fileEncoding = 4; lastKnownFileType = sourcecode.swift; path = ServerTrustPolicy.swift; sourceTree = "<group>"; };
		9A370AD220D9176800ED30F6 /* Info-tvOS.plist */ = {isa = PBXFileReference; fileEncoding = 4; lastKnownFileType = text.plist.xml; path = "Info-tvOS.plist"; sourceTree = "<group>"; };
		9A370AD320D9176800ED30F6 /* SessionManager.swift */ = {isa = PBXFileReference; fileEncoding = 4; lastKnownFileType = sourcecode.swift; path = SessionManager.swift; sourceTree = "<group>"; };
		9A370AD420D9176800ED30F6 /* TaskDelegate.swift */ = {isa = PBXFileReference; fileEncoding = 4; lastKnownFileType = sourcecode.swift; path = TaskDelegate.swift; sourceTree = "<group>"; };
		9A370AD520D9176800ED30F6 /* AFError.swift */ = {isa = PBXFileReference; fileEncoding = 4; lastKnownFileType = sourcecode.swift; path = AFError.swift; sourceTree = "<group>"; };
		9A370AD620D9176800ED30F6 /* MultipartFormData.swift */ = {isa = PBXFileReference; fileEncoding = 4; lastKnownFileType = sourcecode.swift; path = MultipartFormData.swift; sourceTree = "<group>"; };
		9A370AD720D9176800ED30F6 /* ParameterEncoding.swift */ = {isa = PBXFileReference; fileEncoding = 4; lastKnownFileType = sourcecode.swift; path = ParameterEncoding.swift; sourceTree = "<group>"; };
		9A370AD820D9176800ED30F6 /* Timeline.swift */ = {isa = PBXFileReference; fileEncoding = 4; lastKnownFileType = sourcecode.swift; path = Timeline.swift; sourceTree = "<group>"; };
		9A370AD920D9176800ED30F6 /* Request.swift */ = {isa = PBXFileReference; fileEncoding = 4; lastKnownFileType = sourcecode.swift; path = Request.swift; sourceTree = "<group>"; };
/* End PBXFileReference section */

/* Begin PBXFrameworksBuildPhase section */
		9A370A8520D915CF00ED30F6 /* Frameworks */ = {
			isa = PBXFrameworksBuildPhase;
			buildActionMask = 2147483647;
			files = (
			);
			runOnlyForDeploymentPostprocessing = 0;
		};
/* End PBXFrameworksBuildPhase section */

/* Begin PBXGroup section */
		9A370A7F20D915CF00ED30F6 = {
			isa = PBXGroup;
			children = (
				9A370A8A20D915CF00ED30F6 /* bankStoreMIni */,
				9A370A8920D915CF00ED30F6 /* Products */,
			);
			sourceTree = "<group>";
		};
		9A370A8920D915CF00ED30F6 /* Products */ = {
			isa = PBXGroup;
			children = (
				9A370A8820D915CF00ED30F6 /* bankStoreMIni.app */,
			);
			name = Products;
			sourceTree = "<group>";
		};
		9A370A8A20D915CF00ED30F6 /* bankStoreMIni */ = {
			isa = PBXGroup;
			children = (
				9A370AED20D9EA3D00ED30F6 /* Network */,
				9A370AC520D9174800ED30F6 /* source */,
				9A370A8B20D915CF00ED30F6 /* AppDelegate.swift */,
				9A370A8D20D915CF00ED30F6 /* ViewController.swift */,
				9A370A8F20D915CF00ED30F6 /* Main.storyboard */,
				9A370A9220D915D000ED30F6 /* Assets.xcassets */,
				9A370A9420D915D000ED30F6 /* LaunchScreen.storyboard */,
				9A370A9720D915D000ED30F6 /* Info.plist */,
			);
			path = bankStoreMIni;
			sourceTree = "<group>";
		};
		9A370AC520D9174800ED30F6 /* source */ = {
			isa = PBXGroup;
			children = (
				9A370AD520D9176800ED30F6 /* AFError.swift */,
				9A370ACC20D9176700ED30F6 /* Alamofire.h */,
				9A370ACA20D9176700ED30F6 /* Alamofire.swift */,
				9A370ACB20D9176700ED30F6 /* DispatchQueue+Alamofire.swift */,
				9A370AD220D9176800ED30F6 /* Info-tvOS.plist */,
				9A370AC820D9176700ED30F6 /* Info.plist */,
				9A370AD620D9176800ED30F6 /* MultipartFormData.swift */,
				9A370AC920D9176700ED30F6 /* NetworkReachabilityManager.swift */,
				9A370ACF20D9176800ED30F6 /* Notifications.swift */,
				9A370AD720D9176800ED30F6 /* ParameterEncoding.swift */,
				9A370AD920D9176800ED30F6 /* Request.swift */,
				9A370AC720D9176700ED30F6 /* Response.swift */,
				9A370ACD20D9176700ED30F6 /* ResponseSerialization.swift */,
				9A370AD020D9176800ED30F6 /* Result.swift */,
				9A370AD120D9176800ED30F6 /* ServerTrustPolicy.swift */,
				9A370ACE20D9176700ED30F6 /* SessionDelegate.swift */,
				9A370AD320D9176800ED30F6 /* SessionManager.swift */,
				9A370AD420D9176800ED30F6 /* TaskDelegate.swift */,
				9A370AD820D9176800ED30F6 /* Timeline.swift */,
				9A370AC620D9176700ED30F6 /* Validation.swift */,
			);
			path = source;
			sourceTree = "<group>";
		};
		9A370AED20D9EA3D00ED30F6 /* Network */ = {
			isa = PBXGroup;
			children = (
			);
			path = Network;
			sourceTree = "<group>";
		};
/* End PBXGroup section */

/* Begin PBXNativeTarget section */
		9A370A8720D915CF00ED30F6 /* bankStoreMIni */ = {
			isa = PBXNativeTarget;
			buildConfigurationList = 9A370A9A20D915D000ED30F6 /* Build configuration list for PBXNativeTarget "bankStoreMIni" */;
			buildPhases = (
				9A370A8420D915CF00ED30F6 /* Sources */,
				9A370A8520D915CF00ED30F6 /* Frameworks */,
				9A370A8620D915CF00ED30F6 /* Resources */,
			);
			buildRules = (
			);
			dependencies = (
			);
			name = bankStoreMIni;
			productName = bankStoreMIni;
			productReference = 9A370A8820D915CF00ED30F6 /* bankStoreMIni.app */;
			productType = "com.apple.product-type.application";
		};
/* End PBXNativeTarget section */

/* Begin PBXProject section */
		9A370A8020D915CF00ED30F6 /* Project object */ = {
			isa = PBXProject;
			attributes = {
				LastSwiftUpdateCheck = 0940;
				LastUpgradeCheck = 0940;
				ORGANIZATIONNAME = jake;
				TargetAttributes = {
					9A370A8720D915CF00ED30F6 = {
						CreatedOnToolsVersion = 9.4.1;
					};
				};
			};
			buildConfigurationList = 9A370A8320D915CF00ED30F6 /* Build configuration list for PBXProject "bankStoreMIni" */;
			compatibilityVersion = "Xcode 9.3";
			developmentRegion = en;
			hasScannedForEncodings = 0;
			knownRegions = (
				en,
				Base,
			);
			mainGroup = 9A370A7F20D915CF00ED30F6;
			productRefGroup = 9A370A8920D915CF00ED30F6 /* Products */;
			projectDirPath = "";
			projectRoot = "";
			targets = (
				9A370A8720D915CF00ED30F6 /* bankStoreMIni */,
			);
		};
/* End PBXProject section */

/* Begin PBXResourcesBuildPhase section */
		9A370A8620D915CF00ED30F6 /* Resources */ = {
			isa = PBXResourcesBuildPhase;
			buildActionMask = 2147483647;
			files = (
				9A370AE520D9176800ED30F6 /* Info-tvOS.plist in Resources */,
				9A370ADC20D9176800ED30F6 /* Info.plist in Resources */,
				9A370A9620D915D000ED30F6 /* LaunchScreen.storyboard in Resources */,
				9A370A9320D915D000ED30F6 /* Assets.xcassets in Resources */,
				9A370A9120D915CF00ED30F6 /* Main.storyboard in Resources */,
			);
			runOnlyForDeploymentPostprocessing = 0;
		};
/* End PBXResourcesBuildPhase section */

/* Begin PBXSourcesBuildPhase section */
		9A370A8420D915CF00ED30F6 /* Sources */ = {
			isa = PBXSourcesBuildPhase;
			buildActionMask = 2147483647;
			files = (
				9A370AEB20D9176800ED30F6 /* Timeline.swift in Sources */,
				9A370AE220D9176800ED30F6 /* Notifications.swift in Sources */,
				9A370ADE20D9176800ED30F6 /* Alamofire.swift in Sources */,
				9A370AE920D9176800ED30F6 /* MultipartFormData.swift in Sources */,
				9A370AE820D9176800ED30F6 /* AFError.swift in Sources */,
				9A370ADF20D9176800ED30F6 /* DispatchQueue+Alamofire.swift in Sources */,
				9A370AE420D9176800ED30F6 /* ServerTrustPolicy.swift in Sources */,
				9A370ADD20D9176800ED30F6 /* NetworkReachabilityManager.swift in Sources */,
				9A370AEA20D9176800ED30F6 /* ParameterEncoding.swift in Sources */,
				9A370AE720D9176800ED30F6 /* TaskDelegate.swift in Sources */,
				9A370AE120D9176800ED30F6 /* SessionDelegate.swift in Sources */,
				9A370AE020D9176800ED30F6 /* ResponseSerialization.swift in Sources */,
				9A370AEC20D9176800ED30F6 /* Request.swift in Sources */,
				9A370ADB20D9176800ED30F6 /* Response.swift in Sources */,
				9A370A8E20D915CF00ED30F6 /* ViewController.swift in Sources */,
				9A370ADA20D9176800ED30F6 /* Validation.swift in Sources */,
				9A370A8C20D915CF00ED30F6 /* AppDelegate.swift in Sources */,
				9A370AE320D9176800ED30F6 /* Result.swift in Sources */,
				9A370AE620D9176800ED30F6 /* SessionManager.swift in Sources */,
			);
			runOnlyForDeploymentPostprocessing = 0;
		};
/* End PBXSourcesBuildPhase section */

/* Begin PBXVariantGroup section */
		9A370A8F20D915CF00ED30F6 /* Main.storyboard */ = {
			isa = PBXVariantGroup;
			children = (
				9A370A9020D915CF00ED30F6 /* Base */,
			);
			name = Main.storyboard;
			sourceTree = "<group>";
		};
		9A370A9420D915D000ED30F6 /* LaunchScreen.storyboard */ = {
			isa = PBXVariantGroup;
			children = (
				9A370A9520D915D000ED30F6 /* Base */,
			);
			name = LaunchScreen.storyboard;
			sourceTree = "<group>";
		};
/* End PBXVariantGroup section */

/* Begin XCBuildConfiguration section */
		9A370A9820D915D000ED30F6 /* Debug */ = {
			isa = XCBuildConfiguration;
			buildSettings = {
				ALWAYS_SEARCH_USER_PATHS = NO;
				CLANG_ANALYZER_NONNULL = YES;
				CLANG_ANALYZER_NUMBER_OBJECT_CONVERSION = YES_AGGRESSIVE;
				CLANG_CXX_LANGUAGE_STANDARD = "gnu++14";
				CLANG_CXX_LIBRARY = "libc++";
				CLANG_ENABLE_MODULES = YES;
				CLANG_ENABLE_OBJC_ARC = YES;
				CLANG_ENABLE_OBJC_WEAK = YES;
				CLANG_WARN_BLOCK_CAPTURE_AUTORELEASING = YES;
				CLANG_WARN_BOOL_CONVERSION = YES;
				CLANG_WARN_COMMA = YES;
				CLANG_WARN_CONSTANT_CONVERSION = YES;
				CLANG_WARN_DEPRECATED_OBJC_IMPLEMENTATIONS = YES;
				CLANG_WARN_DIRECT_OBJC_ISA_USAGE = YES_ERROR;
				CLANG_WARN_DOCUMENTATION_COMMENTS = YES;
				CLANG_WARN_EMPTY_BODY = YES;
				CLANG_WARN_ENUM_CONVERSION = YES;
				CLANG_WARN_INFINITE_RECURSION = YES;
				CLANG_WARN_INT_CONVERSION = YES;
				CLANG_WARN_NON_LITERAL_NULL_CONVERSION = YES;
				CLANG_WARN_OBJC_IMPLICIT_RETAIN_SELF = YES;
				CLANG_WARN_OBJC_LITERAL_CONVERSION = YES;
				CLANG_WARN_OBJC_ROOT_CLASS = YES_ERROR;
				CLANG_WARN_RANGE_LOOP_ANALYSIS = YES;
				CLANG_WARN_STRICT_PROTOTYPES = YES;
				CLANG_WARN_SUSPICIOUS_MOVE = YES;
				CLANG_WARN_UNGUARDED_AVAILABILITY = YES_AGGRESSIVE;
				CLANG_WARN_UNREACHABLE_CODE = YES;
				CLANG_WARN__DUPLICATE_METHOD_MATCH = YES;
				CODE_SIGN_IDENTITY = "iPhone Developer";
				COPY_PHASE_STRIP = NO;
				DEBUG_INFORMATION_FORMAT = dwarf;
				ENABLE_STRICT_OBJC_MSGSEND = YES;
				ENABLE_TESTABILITY = YES;
				GCC_C_LANGUAGE_STANDARD = gnu11;
				GCC_DYNAMIC_NO_PIC = NO;
				GCC_NO_COMMON_BLOCKS = YES;
				GCC_OPTIMIZATION_LEVEL = 0;
				GCC_PREPROCESSOR_DEFINITIONS = (
					"DEBUG=1",
					"$(inherited)",
				);
				GCC_WARN_64_TO_32_BIT_CONVERSION = YES;
				GCC_WARN_ABOUT_RETURN_TYPE = YES_ERROR;
				GCC_WARN_UNDECLARED_SELECTOR = YES;
				GCC_WARN_UNINITIALIZED_AUTOS = YES_AGGRESSIVE;
				GCC_WARN_UNUSED_FUNCTION = YES;
				GCC_WARN_UNUSED_VARIABLE = YES;
				IPHONEOS_DEPLOYMENT_TARGET = 11.4;
				MTL_ENABLE_DEBUG_INFO = YES;
				ONLY_ACTIVE_ARCH = YES;
				SDKROOT = iphoneos;
				SWIFT_ACTIVE_COMPILATION_CONDITIONS = DEBUG;
				SWIFT_OPTIMIZATION_LEVEL = "-Onone";
			};
			name = Debug;
		};
		9A370A9920D915D000ED30F6 /* Release */ = {
			isa = XCBuildConfiguration;
			buildSettings = {
				ALWAYS_SEARCH_USER_PATHS = NO;
				CLANG_ANALYZER_NONNULL = YES;
				CLANG_ANALYZER_NUMBER_OBJECT_CONVERSION = YES_AGGRESSIVE;
				CLANG_CXX_LANGUAGE_STANDARD = "gnu++14";
				CLANG_CXX_LIBRARY = "libc++";
				CLANG_ENABLE_MODULES = YES;
				CLANG_ENABLE_OBJC_ARC = YES;
				CLANG_ENABLE_OBJC_WEAK = YES;
				CLANG_WARN_BLOCK_CAPTURE_AUTORELEASING = YES;
				CLANG_WARN_BOOL_CONVERSION = YES;
				CLANG_WARN_COMMA = YES;
				CLANG_WARN_CONSTANT_CONVERSION = YES;
				CLANG_WARN_DEPRECATED_OBJC_IMPLEMENTATIONS = YES;
				CLANG_WARN_DIRECT_OBJC_ISA_USAGE = YES_ERROR;
				CLANG_WARN_DOCUMENTATION_COMMENTS = YES;
				CLANG_WARN_EMPTY_BODY = YES;
				CLANG_WARN_ENUM_CONVERSION = YES;
				CLANG_WARN_INFINITE_RECURSION = YES;
				CLANG_WARN_INT_CONVERSION = YES;
				CLANG_WARN_NON_LITERAL_NULL_CONVERSION = YES;
				CLANG_WARN_OBJC_IMPLICIT_RETAIN_SELF = YES;
				CLANG_WARN_OBJC_LITERAL_CONVERSION = YES;
				CLANG_WARN_OBJC_ROOT_CLASS = YES_ERROR;
				CLANG_WARN_RANGE_LOOP_ANALYSIS = YES;
				CLANG_WARN_STRICT_PROTOTYPES = YES;
				CLANG_WARN_SUSPICIOUS_MOVE = YES;
				CLANG_WARN_UNGUARDED_AVAILABILITY = YES_AGGRESSIVE;
				CLANG_WARN_UNREACHABLE_CODE = YES;
				CLANG_WARN__DUPLICATE_METHOD_MATCH = YES;
				CODE_SIGN_IDENTITY = "iPhone Developer";
				COPY_PHASE_STRIP = NO;
				DEBUG_INFORMATION_FORMAT = "dwarf-with-dsym";
				ENABLE_NS_ASSERTIONS = NO;
				ENABLE_STRICT_OBJC_MSGSEND = YES;
				GCC_C_LANGUAGE_STANDARD = gnu11;
				GCC_NO_COMMON_BLOCKS = YES;
				GCC_WARN_64_TO_32_BIT_CONVERSION = YES;
				GCC_WARN_ABOUT_RETURN_TYPE = YES_ERROR;
				GCC_WARN_UNDECLARED_SELECTOR = YES;
				GCC_WARN_UNINITIALIZED_AUTOS = YES_AGGRESSIVE;
				GCC_WARN_UNUSED_FUNCTION = YES;
				GCC_WARN_UNUSED_VARIABLE = YES;
				IPHONEOS_DEPLOYMENT_TARGET = 11.4;
				MTL_ENABLE_DEBUG_INFO = NO;
				SDKROOT = iphoneos;
				SWIFT_COMPILATION_MODE = wholemodule;
				SWIFT_OPTIMIZATION_LEVEL = "-O";
				VALIDATE_PRODUCT = YES;
			};
			name = Release;
		};
		9A370A9B20D915D000ED30F6 /* Debug */ = {
			isa = XCBuildConfiguration;
			buildSettings = {
				ASSETCATALOG_COMPILER_APPICON_NAME = AppIcon;
				CODE_SIGN_STYLE = Automatic;
				INFOPLIST_FILE = bankStoreMIni/Info.plist;
				LD_RUNPATH_SEARCH_PATHS = (
					"$(inherited)",
					"@executable_path/Frameworks",
				);
				PRODUCT_BUNDLE_IDENTIFIER = com.redsssl.bankStoreMIni;
				PRODUCT_NAME = "$(TARGET_NAME)";
				SWIFT_VERSION = 4.0;
				TARGETED_DEVICE_FAMILY = "1,2";
			};
			name = Debug;
		};
		9A370A9C20D915D000ED30F6 /* Release */ = {
			isa = XCBuildConfiguration;
			buildSettings = {
				ASSETCATALOG_COMPILER_APPICON_NAME = AppIcon;
				CODE_SIGN_STYLE = Automatic;
				INFOPLIST_FILE = bankStoreMIni/Info.plist;
				LD_RUNPATH_SEARCH_PATHS = (
					"$(inherited)",
					"@executable_path/Frameworks",
				);
				PRODUCT_BUNDLE_IDENTIFIER = com.redsssl.bankStoreMIni;
				PRODUCT_NAME = "$(TARGET_NAME)";
				SWIFT_VERSION = 4.0;
				TARGETED_DEVICE_FAMILY = "1,2";
			};
			name = Release;
		};
/* End XCBuildConfiguration section */

/* Begin XCConfigurationList section */
		9A370A8320D915CF00ED30F6 /* Build configuration list for PBXProject "bankStoreMIni" */ = {
			isa = XCConfigurationList;
			buildConfigurations = (
				9A370A9820D915D000ED30F6 /* Debug */,
				9A370A9920D915D000ED30F6 /* Release */,
			);
			defaultConfigurationIsVisible = 0;
			defaultConfigurationName = Release;
		};
		9A370A9A20D915D000ED30F6 /* Build configuration list for PBXNativeTarget "bankStoreMIni" */ = {
			isa = XCConfigurationList;
			buildConfigurations = (
				9A370A9B20D915D000ED30F6 /* Debug */,
				9A370A9C20D915D000ED30F6 /* Release */,
			);
			defaultConfigurationIsVisible = 0;
			defaultConfigurationName = Release;
		};
/* End XCConfigurationList section */
	};
	rootObject = 9A370A8020D915CF00ED30F6 /* Project object */;
}
